
Microsoft Visual Studio Solution File, Format Version 12.00
# Visual Studio Version 17
VisualStudioVersion = 17.4.33213.308
MinimumVisualStudioVersion = 10.0.40219.1
Project("{FAE04EC0-301F-11D3-BF4B-00C04F79EFBC}") = "BlazorwithK8s", "BlazorwithK8s.csproj", "{F97D7EA9-7FA9-46F1-A9B8-C726DC36D85F}"
EndProject
Global
	GlobalSection(SolutionConfigurationPlatforms) = preSolution
		Debug|Any CPU = Debug|Any CPU
		Release|Any CPU = Release|Any CPU
	EndGlobalSection
	GlobalSection(ProjectConfigurationPlatforms) = postSolution
		{F97D7EA9-7FA9-46F1-A9B8-C726DC36D85F}.Debug|Any CPU.ActiveCfg = Debug|Any CPU
		{F97D7EA9-7FA9-46F1-A9B8-C726DC36D85F}.Debug|Any CPU.Build.0 = Debug|Any CPU
		{F97D7EA9-7FA9-46F1-A9B8-C726DC36D85F}.Release|Any CPU.ActiveCfg = Release|Any CPU
		{F97D7EA9-7FA9-46F1-A9B8-C726DC36D85F}.Release|Any CPU.Build.0 = Release|Any CPU
	EndGlobalSection
	GlobalSection(SolutionProperties) = preSolution
		HideSolutionNode = FALSE
	EndGlobalSection
	GlobalSection(ExtensibilityGlobals) = postSolution
		SolutionGuid = {2799DB7A-EEA2-40A4-A8BA-0B9DDF642170}
	EndGlobalSection
EndGlobal
